// !$*UTF8*$!
{
	archiveVersion = 1;
	classes = {
	};
	objectVersion = 56;
	objects = {

/* Begin PBXBuildFile section */
		1F3B8C012915078A00C54D32 /* AppDelegate.swift in Sources */ = {isa = PBXBuildFile; fileRef = 1F3B8C002915078A00C54D32 /* AppDelegate.swift */; };
		1F3B8C032915078A00C54D32 /* SceneDelegate.swift in Sources */ = {isa = PBXBuildFile; fileRef = 1F3B8C022915078A00C54D32 /* SceneDelegate.swift */; };
		1F3B8C052915078A00C54D32 /* ViewController.swift in Sources */ = {isa = PBXBuildFile; fileRef = 1F3B8C042915078A00C54D32 /* ViewController.swift */; };
		1F3B8C082915078A00C54D32 /* Main.storyboard in Resources */ = {isa = PBXBuildFile; fileRef = 1F3B8C062915078A00C54D32 /* Main.storyboard */; };
		1F3B8C0B2915078A00C54D32 /* SAAP_MVVM_CORTIEL.xcdatamodeld in Sources */ = {isa = PBXBuildFile; fileRef = 1F3B8C092915078A00C54D32 /* SAAP_MVVM_CORTIEL.xcdatamodeld */; };
		1F3B8C0D2915078D00C54D32 /* Assets.xcassets in Resources */ = {isa = PBXBuildFile; fileRef = 1F3B8C0C2915078D00C54D32 /* Assets.xcassets */; };
		1F3B8C102915078D00C54D32 /* LaunchScreen.storyboard in Resources */ = {isa = PBXBuildFile; fileRef = 1F3B8C0E2915078D00C54D32 /* LaunchScreen.storyboard */; };
		1F3B8C1B2915078D00C54D32 /* SAAP_MVVM_CORTIELTests.swift in Sources */ = {isa = PBXBuildFile; fileRef = 1F3B8C1A2915078D00C54D32 /* SAAP_MVVM_CORTIELTests.swift */; };
		1F3B8C252915078D00C54D32 /* SAAP_MVVM_CORTIELUITests.swift in Sources */ = {isa = PBXBuildFile; fileRef = 1F3B8C242915078D00C54D32 /* SAAP_MVVM_CORTIELUITests.swift */; };
		1F3B8C272915078D00C54D32 /* SAAP_MVVM_CORTIELUITestsLaunchTests.swift in Sources */ = {isa = PBXBuildFile; fileRef = 1F3B8C262915078D00C54D32 /* SAAP_MVVM_CORTIELUITestsLaunchTests.swift */; };
/* End PBXBuildFile section */

/* Begin PBXContainerItemProxy section */
		1F3B8C172915078D00C54D32 /* PBXContainerItemProxy */ = {
			isa = PBXContainerItemProxy;
			containerPortal = 1F3B8BF52915078A00C54D32 /* Project object */;
			proxyType = 1;
			remoteGlobalIDString = 1F3B8BFC2915078A00C54D32;
			remoteInfo = SAAP_MVVM_CORTIEL;
		};
		1F3B8C212915078D00C54D32 /* PBXContainerItemProxy */ = {
			isa = PBXContainerItemProxy;
			containerPortal = 1F3B8BF52915078A00C54D32 /* Project object */;
			proxyType = 1;
			remoteGlobalIDString = 1F3B8BFC2915078A00C54D32;
			remoteInfo = SAAP_MVVM_CORTIEL;
		};
/* End PBXContainerItemProxy section */

/* Begin PBXFileReference section */
		1F3B8BFD2915078A00C54D32 /* SAAP_MVVM_CORTIEL.app */ = {isa = PBXFileReference; explicitFileType = wrapper.application; includeInIndex = 0; path = SAAP_MVVM_CORTIEL.app; sourceTree = BUILT_PRODUCTS_DIR; };
		1F3B8C002915078A00C54D32 /* AppDelegate.swift */ = {isa = PBXFileReference; lastKnownFileType = sourcecode.swift; path = AppDelegate.swift; sourceTree = "<group>"; };
		1F3B8C022915078A00C54D32 /* SceneDelegate.swift */ = {isa = PBXFileReference; lastKnownFileType = sourcecode.swift; path = SceneDelegate.swift; sourceTree = "<group>"; };
		1F3B8C042915078A00C54D32 /* ViewController.swift */ = {isa = PBXFileReference; lastKnownFileType = sourcecode.swift; path = ViewController.swift; sourceTree = "<group>"; };
		1F3B8C072915078A00C54D32 /* Base */ = {isa = PBXFileReference; lastKnownFileType = file.storyboard; name = Base; path = Base.lproj/Main.storyboard; sourceTree = "<group>"; };
		1F3B8C0A2915078A00C54D32 /* SAAP_MVVM_CORTIEL.xcdatamodel */ = {isa = PBXFileReference; lastKnownFileType = wrapper.xcdatamodel; path = SAAP_MVVM_CORTIEL.xcdatamodel; sourceTree = "<group>"; };
		1F3B8C0C2915078D00C54D32 /* Assets.xcassets */ = {isa = PBXFileReference; lastKnownFileType = folder.assetcatalog; path = Assets.xcassets; sourceTree = "<group>"; };
		1F3B8C0F2915078D00C54D32 /* Base */ = {isa = PBXFileReference; lastKnownFileType = file.storyboard; name = Base; path = Base.lproj/LaunchScreen.storyboard; sourceTree = "<group>"; };
		1F3B8C112915078D00C54D32 /* Info.plist */ = {isa = PBXFileReference; lastKnownFileType = text.plist.xml; path = Info.plist; sourceTree = "<group>"; };
		1F3B8C162915078D00C54D32 /* SAAP_MVVM_CORTIELTests.xctest */ = {isa = PBXFileReference; explicitFileType = wrapper.cfbundle; includeInIndex = 0; path = SAAP_MVVM_CORTIELTests.xctest; sourceTree = BUILT_PRODUCTS_DIR; };
		1F3B8C1A2915078D00C54D32 /* SAAP_MVVM_CORTIELTests.swift */ = {isa = PBXFileReference; lastKnownFileType = sourcecode.swift; path = SAAP_MVVM_CORTIELTests.swift; sourceTree = "<group>"; };
		1F3B8C202915078D00C54D32 /* SAAP_MVVM_CORTIELUITests.xctest */ = {isa = PBXFileReference; explicitFileType = wrapper.cfbundle; includeInIndex = 0; path = SAAP_MVVM_CORTIELUITests.xctest; sourceTree = BUILT_PRODUCTS_DIR; };
		1F3B8C242915078D00C54D32 /* SAAP_MVVM_CORTIELUITests.swift */ = {isa = PBXFileReference; lastKnownFileType = sourcecode.swift; path = SAAP_MVVM_CORTIELUITests.swift; sourceTree = "<group>"; };
		1F3B8C262915078D00C54D32 /* SAAP_MVVM_CORTIELUITestsLaunchTests.swift */ = {isa = PBXFileReference; lastKnownFileType = sourcecode.swift; path = SAAP_MVVM_CORTIELUITestsLaunchTests.swift; sourceTree = "<group>"; };
/* End PBXFileReference section */

/* Begin PBXFrameworksBuildPhase section */
		1F3B8BFA2915078A00C54D32 /* Frameworks */ = {
			isa = PBXFrameworksBuildPhase;
			buildActionMask = 2147483647;
			files = (
			);
			runOnlyForDeploymentPostprocessing = 0;
		};
		1F3B8C132915078D00C54D32 /* Frameworks */ = {
			isa = PBXFrameworksBuildPhase;
			buildActionMask = 2147483647;
			files = (
			);
			runOnlyForDeploymentPostprocessing = 0;
		};
		1F3B8C1D2915078D00C54D32 /* Frameworks */ = {
			isa = PBXFrameworksBuildPhase;
			buildActionMask = 2147483647;
			files = (
			);
			runOnlyForDeploymentPostprocessing = 0;
		};
/* End PBXFrameworksBuildPhase section */

/* Begin PBXGroup section */
		1F3B8BF42915078A00C54D32 = {
			isa = PBXGroup;
			children = (
				1F3B8BFF2915078A00C54D32 /* SAAP_MVVM_CORTIEL */,
				1F3B8C192915078D00C54D32 /* SAAP_MVVM_CORTIELTests */,
				1F3B8C232915078D00C54D32 /* SAAP_MVVM_CORTIELUITests */,
				1F3B8BFE2915078A00C54D32 /* Products */,
			);
			sourceTree = "<group>";
		};
		1F3B8BFE2915078A00C54D32 /* Products */ = {
			isa = PBXGroup;
			children = (
				1F3B8BFD2915078A00C54D32 /* SAAP_MVVM_CORTIEL.app */,
				1F3B8C162915078D00C54D32 /* SAAP_MVVM_CORTIELTests.xctest */,
				1F3B8C202915078D00C54D32 /* SAAP_MVVM_CORTIELUITests.xctest */,
			);
			name = Products;
			sourceTree = "<group>";
		};
		1F3B8BFF2915078A00C54D32 /* SAAP_MVVM_CORTIEL */ = {
			isa = PBXGroup;
			children = (
				1F3B8C002915078A00C54D32 /* AppDelegate.swift */,
				1F3B8C022915078A00C54D32 /* SceneDelegate.swift */,
				1F3B8C042915078A00C54D32 /* ViewController.swift */,
				1F3B8C062915078A00C54D32 /* Main.storyboard */,
				1F3B8C0C2915078D00C54D32 /* Assets.xcassets */,
				1F3B8C0E2915078D00C54D32 /* LaunchScreen.storyboard */,
				1F3B8C112915078D00C54D32 /* Info.plist */,
				1F3B8C092915078A00C54D32 /* SAAP_MVVM_CORTIEL.xcdatamodeld */,
			);
			path = SAAP_MVVM_CORTIEL;
			sourceTree = "<group>";
		};
		1F3B8C192915078D00C54D32 /* SAAP_MVVM_CORTIELTests */ = {
			isa = PBXGroup;
			children = (
				1F3B8C1A2915078D00C54D32 /* SAAP_MVVM_CORTIELTests.swift */,
			);
			path = SAAP_MVVM_CORTIELTests;
			sourceTree = "<group>";
		};
		1F3B8C232915078D00C54D32 /* SAAP_MVVM_CORTIELUITests */ = {
			isa = PBXGroup;
			children = (
				1F3B8C242915078D00C54D32 /* SAAP_MVVM_CORTIELUITests.swift */,
				1F3B8C262915078D00C54D32 /* SAAP_MVVM_CORTIELUITestsLaunchTests.swift */,
			);
			path = SAAP_MVVM_CORTIELUITests;
			sourceTree = "<group>";
		};
/* End PBXGroup section */

/* Begin PBXNativeTarget section */
		1F3B8BFC2915078A00C54D32 /* SAAP_MVVM_CORTIEL */ = {
			isa = PBXNativeTarget;
			buildConfigurationList = 1F3B8C2A2915078D00C54D32 /* Build configuration list for PBXNativeTarget "SAAP_MVVM_CORTIEL" */;
			buildPhases = (
				1F3B8BF92915078A00C54D32 /* Sources */,
				1F3B8BFA2915078A00C54D32 /* Frameworks */,
				1F3B8BFB2915078A00C54D32 /* Resources */,
			);
			buildRules = (
			);
			dependencies = (
			);
			name = SAAP_MVVM_CORTIEL;
			productName = SAAP_MVVM_CORTIEL;
			productReference = 1F3B8BFD2915078A00C54D32 /* SAAP_MVVM_CORTIEL.app */;
			productType = "com.apple.product-type.application";
		};
		1F3B8C152915078D00C54D32 /* SAAP_MVVM_CORTIELTests */ = {
			isa = PBXNativeTarget;
			buildConfigurationList = 1F3B8C2D2915078D00C54D32 /* Build configuration list for PBXNativeTarget "SAAP_MVVM_CORTIELTests" */;
			buildPhases = (
				1F3B8C122915078D00C54D32 /* Sources */,
				1F3B8C132915078D00C54D32 /* Frameworks */,
				1F3B8C142915078D00C54D32 /* Resources */,
			);
			buildRules = (
			);
			dependencies = (
				1F3B8C182915078D00C54D32 /* PBXTargetDependency */,
			);
			name = SAAP_MVVM_CORTIELTests;
			productName = SAAP_MVVM_CORTIELTests;
			productReference = 1F3B8C162915078D00C54D32 /* SAAP_MVVM_CORTIELTests.xctest */;
			productType = "com.apple.product-type.bundle.unit-test";
		};
		1F3B8C1F2915078D00C54D32 /* SAAP_MVVM_CORTIELUITests */ = {
			isa = PBXNativeTarget;
			buildConfigurationList = 1F3B8C302915078D00C54D32 /* Build configuration list for PBXNativeTarget "SAAP_MVVM_CORTIELUITests" */;
			buildPhases = (
				1F3B8C1C2915078D00C54D32 /* Sources */,
				1F3B8C1D2915078D00C54D32 /* Frameworks */,
				1F3B8C1E2915078D00C54D32 /* Resources */,
			);
			buildRules = (
			);
			dependencies = (
				1F3B8C222915078D00C54D32 /* PBXTargetDependency */,
			);
			name = SAAP_MVVM_CORTIELUITests;
			productName = SAAP_MVVM_CORTIELUITests;
			productReference = 1F3B8C202915078D00C54D32 /* SAAP_MVVM_CORTIELUITests.xctest */;
			productType = "com.apple.product-type.bundle.ui-testing";
		};
/* End PBXNativeTarget section */

/* Begin PBXProject section */
		1F3B8BF52915078A00C54D32 /* Project object */ = {
			isa = PBXProject;
			attributes = {
				BuildIndependentTargetsInParallel = 1;
				LastSwiftUpdateCheck = 1400;
				LastUpgradeCheck = 1400;
				TargetAttributes = {
					1F3B8BFC2915078A00C54D32 = {
						CreatedOnToolsVersion = 14.0;
					};
					1F3B8C152915078D00C54D32 = {
						CreatedOnToolsVersion = 14.0;
						TestTargetID = 1F3B8BFC2915078A00C54D32;
					};
					1F3B8C1F2915078D00C54D32 = {
						CreatedOnToolsVersion = 14.0;
						TestTargetID = 1F3B8BFC2915078A00C54D32;
					};
				};
			};
			buildConfigurationList = 1F3B8BF82915078A00C54D32 /* Build configuration list for PBXProject "SAAP_MVVM_CORTIEL" */;
			compatibilityVersion = "Xcode 14.0";
			developmentRegion = en;
			hasScannedForEncodings = 0;
			knownRegions = (
				en,
				Base,
			);
			mainGroup = 1F3B8BF42915078A00C54D32;
			productRefGroup = 1F3B8BFE2915078A00C54D32 /* Products */;
			projectDirPath = "";
			projectRoot = "";
			targets = (
				1F3B8BFC2915078A00C54D32 /* SAAP_MVVM_CORTIEL */,
				1F3B8C152915078D00C54D32 /* SAAP_MVVM_CORTIELTests */,
				1F3B8C1F2915078D00C54D32 /* SAAP_MVVM_CORTIELUITests */,
			);
		};
/* End PBXProject section */

/* Begin PBXResourcesBuildPhase section */
		1F3B8BFB2915078A00C54D32 /* Resources */ = {
			isa = PBXResourcesBuildPhase;
			buildActionMask = 2147483647;
			files = (
				1F3B8C102915078D00C54D32 /* LaunchScreen.storyboard in Resources */,
				1F3B8C0D2915078D00C54D32 /* Assets.xcassets in Resources */,
				1F3B8C082915078A00C54D32 /* Main.storyboard in Resources */,
			);
			runOnlyForDeploymentPostprocessing = 0;
		};
		1F3B8C142915078D00C54D32 /* Resources */ = {
			isa = PBXResourcesBuildPhase;
			buildActionMask = 2147483647;
			files = (
			);
			runOnlyForDeploymentPostprocessing = 0;
		};
		1F3B8C1E2915078D00C54D32 /* Resources */ = {
			isa = PBXResourcesBuildPhase;
			buildActionMask = 2147483647;
			files = (
			);
			runOnlyForDeploymentPostprocessing = 0;
		};
/* End PBXResourcesBuildPhase section */

/* Begin PBXSourcesBuildPhase section */
		1F3B8BF92915078A00C54D32 /* Sources */ = {
			isa = PBXSourcesBuildPhase;
			buildActionMask = 2147483647;
			files = (
				1F3B8C052915078A00C54D32 /* ViewController.swift in Sources */,
				1F3B8C0B2915078A00C54D32 /* SAAP_MVVM_CORTIEL.xcdatamodeld in Sources */,
				1F3B8C012915078A00C54D32 /* AppDelegate.swift in Sources */,
				1F3B8C032915078A00C54D32 /* SceneDelegate.swift in Sources */,
			);
			runOnlyForDeploymentPostprocessing = 0;
		};
		1F3B8C122915078D00C54D32 /* Sources */ = {
			isa = PBXSourcesBuildPhase;
			buildActionMask = 2147483647;
			files = (
				1F3B8C1B2915078D00C54D32 /* SAAP_MVVM_CORTIELTests.swift in Sources */,
			);
			runOnlyForDeploymentPostprocessing = 0;
		};
		1F3B8C1C2915078D00C54D32 /* Sources */ = {
			isa = PBXSourcesBuildPhase;
			buildActionMask = 2147483647;
			files = (
				1F3B8C272915078D00C54D32 /* SAAP_MVVM_CORTIELUITestsLaunchTests.swift in Sources */,
				1F3B8C252915078D00C54D32 /* SAAP_MVVM_CORTIELUITests.swift in Sources */,
			);
			runOnlyForDeploymentPostprocessing = 0;
		};
/* End PBXSourcesBuildPhase section */

/* Begin PBXTargetDependency section */
		1F3B8C182915078D00C54D32 /* PBXTargetDependency */ = {
			isa = PBXTargetDependency;
			target = 1F3B8BFC2915078A00C54D32 /* SAAP_MVVM_CORTIEL */;
			targetProxy = 1F3B8C172915078D00C54D32 /* PBXContainerItemProxy */;
		};
		1F3B8C222915078D00C54D32 /* PBXTargetDependency */ = {
			isa = PBXTargetDependency;
			target = 1F3B8BFC2915078A00C54D32 /* SAAP_MVVM_CORTIEL */;
			targetProxy = 1F3B8C212915078D00C54D32 /* PBXContainerItemProxy */;
		};
/* End PBXTargetDependency section */

/* Begin PBXVariantGroup section */
		1F3B8C062915078A00C54D32 /* Main.storyboard */ = {
			isa = PBXVariantGroup;
			children = (
				1F3B8C072915078A00C54D32 /* Base */,
			);
			name = Main.storyboard;
			sourceTree = "<group>";
		};
		1F3B8C0E2915078D00C54D32 /* LaunchScreen.storyboard */ = {
			isa = PBXVariantGroup;
			children = (
				1F3B8C0F2915078D00C54D32 /* Base */,
			);
			name = LaunchScreen.storyboard;
			sourceTree = "<group>";
		};
/* End PBXVariantGroup section */

/* Begin XCBuildConfiguration section */
		1F3B8C282915078D00C54D32 /* Debug */ = {
			isa = XCBuildConfiguration;
			buildSettings = {
				ALWAYS_SEARCH_USER_PATHS = NO;
				CLANG_ANALYZER_NONNULL = YES;
				CLANG_ANALYZER_NUMBER_OBJECT_CONVERSION = YES_AGGRESSIVE;
				CLANG_CXX_LANGUAGE_STANDARD = "gnu++20";
				CLANG_ENABLE_MODULES = YES;
				CLANG_ENABLE_OBJC_ARC = YES;
				CLANG_ENABLE_OBJC_WEAK = YES;
				CLANG_WARN_BLOCK_CAPTURE_AUTORELEASING = YES;
				CLANG_WARN_BOOL_CONVERSION = YES;
				CLANG_WARN_COMMA = YES;
				CLANG_WARN_CONSTANT_CONVERSION = YES;
				CLANG_WARN_DEPRECATED_OBJC_IMPLEMENTATIONS = YES;
				CLANG_WARN_DIRECT_OBJC_ISA_USAGE = YES_ERROR;
				CLANG_WARN_DOCUMENTATION_COMMENTS = YES;
				CLANG_WARN_EMPTY_BODY = YES;
				CLANG_WARN_ENUM_CONVERSION = YES;
				CLANG_WARN_INFINITE_RECURSION = YES;
				CLANG_WARN_INT_CONVERSION = YES;
				CLANG_WARN_NON_LITERAL_NULL_CONVERSION = YES;
				CLANG_WARN_OBJC_IMPLICIT_RETAIN_SELF = YES;
				CLANG_WARN_OBJC_LITERAL_CONVERSION = YES;
				CLANG_WARN_OBJC_ROOT_CLASS = YES_ERROR;
				CLANG_WARN_QUOTED_INCLUDE_IN_FRAMEWORK_HEADER = YES;
				CLANG_WARN_RANGE_LOOP_ANALYSIS = YES;
				CLANG_WARN_STRICT_PROTOTYPES = YES;
				CLANG_WARN_SUSPICIOUS_MOVE = YES;
				CLANG_WARN_UNGUARDED_AVAILABILITY = YES_AGGRESSIVE;
				CLANG_WARN_UNREACHABLE_CODE = YES;
				CLANG_WARN__DUPLICATE_METHOD_MATCH = YES;
				COPY_PHASE_STRIP = NO;
				DEBUG_INFORMATION_FORMAT = dwarf;
				ENABLE_STRICT_OBJC_MSGSEND = YES;
				ENABLE_TESTABILITY = YES;
				GCC_C_LANGUAGE_STANDARD = gnu11;
				GCC_DYNAMIC_NO_PIC = NO;
				GCC_NO_COMMON_BLOCKS = YES;
				GCC_OPTIMIZATION_LEVEL = 0;
				GCC_PREPROCESSOR_DEFINITIONS = (
					"DEBUG=1",
					"$(inherited)",
				);
				GCC_WARN_64_TO_32_BIT_CONVERSION = YES;
				GCC_WARN_ABOUT_RETURN_TYPE = YES_ERROR;
				GCC_WARN_UNDECLARED_SELECTOR = YES;
				GCC_WARN_UNINITIALIZED_AUTOS = YES_AGGRESSIVE;
				GCC_WARN_UNUSED_FUNCTION = YES;
				GCC_WARN_UNUSED_VARIABLE = YES;
				IPHONEOS_DEPLOYMENT_TARGET = 16.0;
				MTL_ENABLE_DEBUG_INFO = INCLUDE_SOURCE;
				MTL_FAST_MATH = YES;
				ONLY_ACTIVE_ARCH = YES;
				SDKROOT = iphoneos;
				SWIFT_ACTIVE_COMPILATION_CONDITIONS = DEBUG;
				SWIFT_OPTIMIZATION_LEVEL = "-Onone";
			};
			name = Debug;
		};
		1F3B8C292915078D00C54D32 /* Release */ = {
			isa = XCBuildConfiguration;
			buildSettings = {
				ALWAYS_SEARCH_USER_PATHS = NO;
				CLANG_ANALYZER_NONNULL = YES;
				CLANG_ANALYZER_NUMBER_OBJECT_CONVERSION = YES_AGGRESSIVE;
				CLANG_CXX_LANGUAGE_STANDARD = "gnu++20";
				CLANG_ENABLE_MODULES = YES;
				CLANG_ENABLE_OBJC_ARC = YES;
				CLANG_ENABLE_OBJC_WEAK = YES;
				CLANG_WARN_BLOCK_CAPTURE_AUTORELEASING = YES;
				CLANG_WARN_BOOL_CONVERSION = YES;
				CLANG_WARN_COMMA = YES;
				CLANG_WARN_CONSTANT_CONVERSION = YES;
				CLANG_WARN_DEPRECATED_OBJC_IMPLEMENTATIONS = YES;
				CLANG_WARN_DIRECT_OBJC_ISA_USAGE = YES_ERROR;
				CLANG_WARN_DOCUMENTATION_COMMENTS = YES;
				CLANG_WARN_EMPTY_BODY = YES;
				CLANG_WARN_ENUM_CONVERSION = YES;
				CLANG_WARN_INFINITE_RECURSION = YES;
				CLANG_WARN_INT_CONVERSION = YES;
				CLANG_WARN_NON_LITERAL_NULL_CONVERSION = YES;
				CLANG_WARN_OBJC_IMPLICIT_RETAIN_SELF = YES;
				CLANG_WARN_OBJC_LITERAL_CONVERSION = YES;
				CLANG_WARN_OBJC_ROOT_CLASS = YES_ERROR;
				CLANG_WARN_QUOTED_INCLUDE_IN_FRAMEWORK_HEADER = YES;
				CLANG_WARN_RANGE_LOOP_ANALYSIS = YES;
				CLANG_WARN_STRICT_PROTOTYPES = YES;
				CLANG_WARN_SUSPICIOUS_MOVE = YES;
				CLANG_WARN_UNGUARDED_AVAILABILITY = YES_AGGRESSIVE;
				CLANG_WARN_UNREACHABLE_CODE = YES;
				CLANG_WARN__DUPLICATE_METHOD_MATCH = YES;
				COPY_PHASE_STRIP = NO;
				DEBUG_INFORMATION_FORMAT = "dwarf-with-dsym";
				ENABLE_NS_ASSERTIONS = NO;
				ENABLE_STRICT_OBJC_MSGSEND = YES;
				GCC_C_LANGUAGE_STANDARD = gnu11;
				GCC_NO_COMMON_BLOCKS = YES;
				GCC_WARN_64_TO_32_BIT_CONVERSION = YES;
				GCC_WARN_ABOUT_RETURN_TYPE = YES_ERROR;
				GCC_WARN_UNDECLARED_SELECTOR = YES;
				GCC_WARN_UNINITIALIZED_AUTOS = YES_AGGRESSIVE;
				GCC_WARN_UNUSED_FUNCTION = YES;
				GCC_WARN_UNUSED_VARIABLE = YES;
				IPHONEOS_DEPLOYMENT_TARGET = 16.0;
				MTL_ENABLE_DEBUG_INFO = NO;
				MTL_FAST_MATH = YES;
				SDKROOT = iphoneos;
				SWIFT_COMPILATION_MODE = wholemodule;
				SWIFT_OPTIMIZATION_LEVEL = "-O";
				VALIDATE_PRODUCT = YES;
			};
			name = Release;
		};
		1F3B8C2B2915078D00C54D32 /* Debug */ = {
			isa = XCBuildConfiguration;
			buildSettings = {
				ASSETCATALOG_COMPILER_APPICON_NAME = AppIcon;
				ASSETCATALOG_COMPILER_GLOBAL_ACCENT_COLOR_NAME = AccentColor;
				CODE_SIGN_STYLE = Automatic;
				CURRENT_PROJECT_VERSION = 1;
				DEVELOPMENT_TEAM = AR3Z7JKR2H;
				GENERATE_INFOPLIST_FILE = YES;
				INFOPLIST_FILE = SAAP_MVVM_CORTIEL/Info.plist;
				INFOPLIST_KEY_UIApplicationSupportsIndirectInputEvents = YES;
				INFOPLIST_KEY_UILaunchStoryboardName = LaunchScreen;
				INFOPLIST_KEY_UIMainStoryboardFile = Main;
				INFOPLIST_KEY_UISupportedInterfaceOrientations_iPad = "UIInterfaceOrientationPortrait UIInterfaceOrientationPortraitUpsideDown UIInterfaceOrientationLandscapeLeft UIInterfaceOrientationLandscapeRight";
				INFOPLIST_KEY_UISupportedInterfaceOrientations_iPhone = "UIInterfaceOrientationPortrait UIInterfaceOrientationLandscapeLeft UIInterfaceOrientationLandscapeRight";
				LD_RUNPATH_SEARCH_PATHS = (
					"$(inherited)",
					"@executable_path/Frameworks",
				);
				MARKETING_VERSION = 1.0;
				PRODUCT_BUNDLE_IDENTIFIER = "at.fhooe.mcm.saap.cortiel.SAAP-MVVM-CORTIEL";
				PRODUCT_NAME = "$(TARGET_NAME)";
				SWIFT_EMIT_LOC_STRINGS = YES;
				SWIFT_VERSION = 5.0;
				TARGETED_DEVICE_FAMILY = "1,2";
			};
			name = Debug;
		};
		1F3B8C2C2915078D00C54D32 /* Release */ = {
			isa = XCBuildConfiguration;
			buildSettings = {
				ASSETCATALOG_COMPILER_APPICON_NAME = AppIcon;
				ASSETCATALOG_COMPILER_GLOBAL_ACCENT_COLOR_NAME = AccentColor;
				CODE_SIGN_STYLE = Automatic;
				CURRENT_PROJECT_VERSION = 1;
				DEVELOPMENT_TEAM = AR3Z7JKR2H;
				GENERATE_INFOPLIST_FILE = YES;
				INFOPLIST_FILE = SAAP_MVVM_CORTIEL/Info.plist;
				INFOPLIST_KEY_UIApplicationSupportsIndirectInputEvents = YES;
				INFOPLIST_KEY_UILaunchStoryboardName = LaunchScreen;
				INFOPLIST_KEY_UIMainStoryboardFile = Main;
				INFOPLIST_KEY_UISupportedInterfaceOrientations_iPad = "UIInterfaceOrientationPortrait UIInterfaceOrientationPortraitUpsideDown UIInterfaceOrientationLandscapeLeft UIInterfaceOrientationLandscapeRight";
				INFOPLIST_KEY_UISupportedInterfaceOrientations_iPhone = "UIInterfaceOrientationPortrait UIInterfaceOrientationLandscapeLeft UIInterfaceOrientationLandscapeRight";
				LD_RUNPATH_SEARCH_PATHS = (
					"$(inherited)",
					"@executable_path/Frameworks",
				);
				MARKETING_VERSION = 1.0;
				PRODUCT_BUNDLE_IDENTIFIER = "at.fhooe.mcm.saap.cortiel.SAAP-MVVM-CORTIEL";
				PRODUCT_NAME = "$(TARGET_NAME)";
				SWIFT_EMIT_LOC_STRINGS = YES;
				SWIFT_VERSION = 5.0;
				TARGETED_DEVICE_FAMILY = "1,2";
			};
			name = Release;
		};
		1F3B8C2E2915078D00C54D32 /* Debug */ = {
			isa = XCBuildConfiguration;
			buildSettings = {
				ALWAYS_EMBED_SWIFT_STANDARD_LIBRARIES = YES;
				BUNDLE_LOADER = "$(TEST_HOST)";
				CODE_SIGN_STYLE = Automatic;
				CURRENT_PROJECT_VERSION = 1;
				DEVELOPMENT_TEAM = AR3Z7JKR2H;
				GENERATE_INFOPLIST_FILE = YES;
				IPHONEOS_DEPLOYMENT_TARGET = 16.0;
				MARKETING_VERSION = 1.0;
				PRODUCT_BUNDLE_IDENTIFIER = "at.fhooe.mcm.saap.cortiel.SAAP-MVVM-CORTIELTests";
				PRODUCT_NAME = "$(TARGET_NAME)";
				SWIFT_EMIT_LOC_STRINGS = NO;
				SWIFT_VERSION = 5.0;
				TARGETED_DEVICE_FAMILY = "1,2";
				TEST_HOST = "$(BUILT_PRODUCTS_DIR)/SAAP_MVVM_CORTIEL.app/$(BUNDLE_EXECUTABLE_FOLDER_PATH)/SAAP_MVVM_CORTIEL";
			};
			name = Debug;
		};
		1F3B8C2F2915078D00C54D32 /* Release */ = {
			isa = XCBuildConfiguration;
			buildSettings = {
				ALWAYS_EMBED_SWIFT_STANDARD_LIBRARIES = YES;
				BUNDLE_LOADER = "$(TEST_HOST)";
				CODE_SIGN_STYLE = Automatic;
				CURRENT_PROJECT_VERSION = 1;
				DEVELOPMENT_TEAM = AR3Z7JKR2H;
				GENERATE_INFOPLIST_FILE = YES;
				IPHONEOS_DEPLOYMENT_TARGET = 16.0;
				MARKETING_VERSION = 1.0;
				PRODUCT_BUNDLE_IDENTIFIER = "at.fhooe.mcm.saap.cortiel.SAAP-MVVM-CORTIELTests";
				PRODUCT_NAME = "$(TARGET_NAME)";
				SWIFT_EMIT_LOC_STRINGS = NO;
				SWIFT_VERSION = 5.0;
				TARGETED_DEVICE_FAMILY = "1,2";
				TEST_HOST = "$(BUILT_PRODUCTS_DIR)/SAAP_MVVM_CORTIEL.app/$(BUNDLE_EXECUTABLE_FOLDER_PATH)/SAAP_MVVM_CORTIEL";
			};
			name = Release;
		};
		1F3B8C312915078D00C54D32 /* Debug */ = {
			isa = XCBuildConfiguration;
			buildSettings = {
				ALWAYS_EMBED_SWIFT_STANDARD_LIBRARIES = YES;
				CODE_SIGN_STYLE = Automatic;
				CURRENT_PROJECT_VERSION = 1;
				DEVELOPMENT_TEAM = AR3Z7JKR2H;
				GENERATE_INFOPLIST_FILE = YES;
				MARKETING_VERSION = 1.0;
				PRODUCT_BUNDLE_IDENTIFIER = "at.fhooe.mcm.saap.cortiel.SAAP-MVVM-CORTIELUITests";
				PRODUCT_NAME = "$(TARGET_NAME)";
				SWIFT_EMIT_LOC_STRINGS = NO;
				SWIFT_VERSION = 5.0;
				TARGETED_DEVICE_FAMILY = "1,2";
				TEST_TARGET_NAME = SAAP_MVVM_CORTIEL;
			};
			name = Debug;
		};
		1F3B8C322915078D00C54D32 /* Release */ = {
			isa = XCBuildConfiguration;
			buildSettings = {
				ALWAYS_EMBED_SWIFT_STANDARD_LIBRARIES = YES;
				CODE_SIGN_STYLE = Automatic;
				CURRENT_PROJECT_VERSION = 1;
				DEVELOPMENT_TEAM = AR3Z7JKR2H;
				GENERATE_INFOPLIST_FILE = YES;
				MARKETING_VERSION = 1.0;
				PRODUCT_BUNDLE_IDENTIFIER = "at.fhooe.mcm.saap.cortiel.SAAP-MVVM-CORTIELUITests";
				PRODUCT_NAME = "$(TARGET_NAME)";
				SWIFT_EMIT_LOC_STRINGS = NO;
				SWIFT_VERSION = 5.0;
				TARGETED_DEVICE_FAMILY = "1,2";
				TEST_TARGET_NAME = SAAP_MVVM_CORTIEL;
			};
			name = Release;
		};
/* End XCBuildConfiguration section */

/* Begin XCConfigurationList section */
		1F3B8BF82915078A00C54D32 /* Build configuration list for PBXProject "SAAP_MVVM_CORTIEL" */ = {
			isa = XCConfigurationList;
			buildConfigurations = (
				1F3B8C282915078D00C54D32 /* Debug */,
				1F3B8C292915078D00C54D32 /* Release */,
			);
			defaultConfigurationIsVisible = 0;
			defaultConfigurationName = Release;
		};
		1F3B8C2A2915078D00C54D32 /* Build configuration list for PBXNativeTarget "SAAP_MVVM_CORTIEL" */ = {
			isa = XCConfigurationList;
			buildConfigurations = (
				1F3B8C2B2915078D00C54D32 /* Debug */,
				1F3B8C2C2915078D00C54D32 /* Release */,
			);
			defaultConfigurationIsVisible = 0;
			defaultConfigurationName = Release;
		};
		1F3B8C2D2915078D00C54D32 /* Build configuration list for PBXNativeTarget "SAAP_MVVM_CORTIELTests" */ = {
			isa = XCConfigurationList;
			buildConfigurations = (
				1F3B8C2E2915078D00C54D32 /* Debug */,
				1F3B8C2F2915078D00C54D32 /* Release */,
			);
			defaultConfigurationIsVisible = 0;
			defaultConfigurationName = Release;
		};
		1F3B8C302915078D00C54D32 /* Build configuration list for PBXNativeTarget "SAAP_MVVM_CORTIELUITests" */ = {
			isa = XCConfigurationList;
			buildConfigurations = (
				1F3B8C312915078D00C54D32 /* Debug */,
				1F3B8C322915078D00C54D32 /* Release */,
			);
			defaultConfigurationIsVisible = 0;
			defaultConfigurationName = Release;
		};
/* End XCConfigurationList section */

/* Begin XCVersionGroup section */
		1F3B8C092915078A00C54D32 /* SAAP_MVVM_CORTIEL.xcdatamodeld */ = {
			isa = XCVersionGroup;
			children = (
				1F3B8C0A2915078A00C54D32 /* SAAP_MVVM_CORTIEL.xcdatamodel */,
			);
			currentVersion = 1F3B8C0A2915078A00C54D32 /* SAAP_MVVM_CORTIEL.xcdatamodel */;
			path = SAAP_MVVM_CORTIEL.xcdatamodeld;
			sourceTree = "<group>";
			versionGroupType = wrapper.xcdatamodel;
		};
/* End XCVersionGroup section */
	};
	rootObject = 1F3B8BF52915078A00C54D32 /* Project object */;
}
